
Microsoft Visual Studio Solution File, Format Version 12.00
# Visual Studio Version 17
VisualStudioVersion = 17.0.31903.59
MinimumVisualStudioVersion = 10.0.40219.1
Project("{2150E333-8FDC-42A3-9474-1A3956D46DE8}") = "src", "src", "{AA4F8442-713E-4C82-9D48-F10686C0D1F9}"
EndProject
Project("{FAE04EC0-301F-11D3-BF4B-00C04F79EFBC}") = "IpcChannel", "src\IpcChannel\IpcChannel.csproj", "{AD41B4FE-1547-4C7A-9EB4-5C9866065874}"
EndProject
Global
	GlobalSection(SolutionConfigurationPlatforms) = preSolution
		Debug|Any CPU = Debug|Any CPU
		Release|Any CPU = Release|Any CPU
	EndGlobalSection
	GlobalSection(SolutionProperties) = preSolution
		HideSolutionNode = FALSE
	EndGlobalSection
	GlobalSection(ProjectConfigurationPlatforms) = postSolution
		{AD41B4FE-1547-4C7A-9EB4-5C9866065874}.Debug|Any CPU.ActiveCfg = Debug|Any CPU
		{AD41B4FE-1547-4C7A-9EB4-5C9866065874}.Debug|Any CPU.Build.0 = Debug|Any CPU
		{AD41B4FE-1547-4C7A-9EB4-5C9866065874}.Release|Any CPU.ActiveCfg = Release|Any CPU
		{AD41B4FE-1547-4C7A-9EB4-5C9866065874}.Release|Any CPU.Build.0 = Release|Any CPU
	EndGlobalSection
	GlobalSection(NestedProjects) = preSolution
		{AD41B4FE-1547-4C7A-9EB4-5C9866065874} = {AA4F8442-713E-4C82-9D48-F10686C0D1F9}
	EndGlobalSection
EndGlobal
